// !$*UTF8*$!
{
	archiveVersion = 1;
	classes = {
	};
	objectVersion = 77;
	objects = {

/* Begin PBXBuildFile section */
		D921F06A2F49080A00587F53 /* app-ads.txt in Resources */ = {isa = PBXBuildFile; fileRef = D921F0692F49080000587F53 /* app-ads.txt */; };
		D921F06F2F49094100587F53 /* GoogleMobileAds in Frameworks */ = {isa = PBXBuildFile; productRef = D921F06E2F49094100587F53 /* GoogleMobileAds */; };
		D92EA4212ED36E9800B61312 /* FirebaseAI in Frameworks */ = {isa = PBXBuildFile; productRef = D92EA4202ED36E9800B61312 /* FirebaseAI */; };
		D92EA4232ED36E9800B61312 /* FirebaseAILogic in Frameworks */ = {isa = PBXBuildFile; productRef = D92EA4222ED36E9800B61312 /* FirebaseAILogic */; };
		D92EA4252ED36E9800B61312 /* FirebaseAnalytics in Frameworks */ = {isa = PBXBuildFile; productRef = D92EA4242ED36E9800B61312 /* FirebaseAnalytics */; };
		D92EA4272ED36E9800B61312 /* FirebaseAnalyticsCore in Frameworks */ = {isa = PBXBuildFile; productRef = D92EA4262ED36E9800B61312 /* FirebaseAnalyticsCore */; };
		D92EA4292ED36E9800B61312 /* FirebaseAppCheck in Frameworks */ = {isa = PBXBuildFile; productRef = D92EA4282ED36E9800B61312 /* FirebaseAppCheck */; };
		D92EA42B2ED36E9800B61312 /* FirebaseAuth in Frameworks */ = {isa = PBXBuildFile; productRef = D92EA42A2ED36E9800B61312 /* FirebaseAuth */; };
		D92EA42D2ED36E9800B61312 /* FirebaseCore in Frameworks */ = {isa = PBXBuildFile; productRef = D92EA42C2ED36E9800B61312 /* FirebaseCore */; };
		D92EA42F2ED36E9800B61312 /* FirebaseCrashlytics in Frameworks */ = {isa = PBXBuildFile; productRef = D92EA42E2ED36E9800B61312 /* FirebaseCrashlytics */; };
		D92EA4312ED36E9800B61312 /* FirebaseDatabase in Frameworks */ = {isa = PBXBuildFile; productRef = D92EA4302ED36E9800B61312 /* FirebaseDatabase */; };
		D92EA4332ED36E9800B61312 /* FirebaseFirestore in Frameworks */ = {isa = PBXBuildFile; productRef = D92EA4322ED36E9800B61312 /* FirebaseFirestore */; };
		D92EA4352ED36E9800B61312 /* FirebaseFunctions in Frameworks */ = {isa = PBXBuildFile; productRef = D92EA4342ED36E9800B61312 /* FirebaseFunctions */; };
		D92EA4372ED36E9800B61312 /* FirebaseInAppMessaging-Beta in Frameworks */ = {isa = PBXBuildFile; productRef = D92EA4362ED36E9800B61312 /* FirebaseInAppMessaging-Beta */; };
		D92EA4392ED36E9800B61312 /* FirebaseInstallations in Frameworks */ = {isa = PBXBuildFile; productRef = D92EA4382ED36E9800B61312 /* FirebaseInstallations */; };
		D92EA43B2ED36E9800B61312 /* FirebaseMessaging in Frameworks */ = {isa = PBXBuildFile; productRef = D92EA43A2ED36E9800B61312 /* FirebaseMessaging */; };
		D92EA43D2ED36E9800B61312 /* FirebasePerformance in Frameworks */ = {isa = PBXBuildFile; productRef = D92EA43C2ED36E9800B61312 /* FirebasePerformance */; };
		D92EA43F2ED36E9800B61312 /* FirebaseRemoteConfig in Frameworks */ = {isa = PBXBuildFile; productRef = D92EA43E2ED36E9800B61312 /* FirebaseRemoteConfig */; };
		D92EA4412ED36E9800B61312 /* FirebaseStorage in Frameworks */ = {isa = PBXBuildFile; productRef = D92EA4402ED36E9800B61312 /* FirebaseStorage */; };
		D92EA4492ED3771C00B61312 /* GoogleService-Info.plist in Resources */ = {isa = PBXBuildFile; fileRef = D92EA4482ED3771C00B61312 /* GoogleService-Info.plist */; };
		D96728C42EFADEAB00759F95 /* GoogleSignIn in Frameworks */ = {isa = PBXBuildFile; productRef = D96728C32EFADEAB00759F95 /* GoogleSignIn */; };
		D96728C62EFADEAB00759F95 /* GoogleSignInSwift in Frameworks */ = {isa = PBXBuildFile; productRef = D96728C52EFADEAB00759F95 /* GoogleSignInSwift */; };
		D9EF38872F1AA18300672131 /* OneSignalExtension in Frameworks */ = {isa = PBXBuildFile; productRef = D9EF38862F1AA18300672131 /* OneSignalExtension */; };
		D9EF38892F1AA18300672131 /* OneSignalFramework in Frameworks */ = {isa = PBXBuildFile; productRef = D9EF38882F1AA18300672131 /* OneSignalFramework */; };
		D9EF388B2F1AA18300672131 /* OneSignalInAppMessages in Frameworks */ = {isa = PBXBuildFile; productRef = D9EF388A2F1AA18300672131 /* OneSignalInAppMessages */; };
		D9EF388D2F1AA18300672131 /* OneSignalLocation in Frameworks */ = {isa = PBXBuildFile; productRef = D9EF388C2F1AA18300672131 /* OneSignalLocation */; };
		D9EF38992F1AA24A00672131 /* OneSignalNotificationServiceExtension.appex in Embed Foundation Extensions */ = {isa = PBXBuildFile; fileRef = D9EF38922F1AA24A00672131 /* OneSignalNotificationServiceExtension.appex */; settings = {ATTRIBUTES = (RemoveHeadersOnCopy, ); }; };
		D9F707F02F2E4F9B00BAC086 /* SuperwallKit in Frameworks */ = {isa = PBXBuildFile; productRef = D9F707EF2F2E4F9B00BAC086 /* SuperwallKit */; };
/* End PBXBuildFile section */

/* Begin PBXContainerItemProxy section */
		D9EF38972F1AA24A00672131 /* PBXContainerItemProxy */ = {
			isa = PBXContainerItemProxy;
			containerPortal = D9ACBE792ED0FB3E001D8142 /* Project object */;
			proxyType = 1;
			remoteGlobalIDString = D9EF38912F1AA24A00672131;
			remoteInfo = OneSignalNotificationServiceExtension;
		};
/* End PBXContainerItemProxy section */

/* Begin PBXCopyFilesBuildPhase section */
		D9EF389E2F1AA24A00672131 /* Embed Foundation Extensions */ = {
			isa = PBXCopyFilesBuildPhase;
			buildActionMask = 2147483647;
			dstPath = "";
			dstSubfolderSpec = 13;
			files = (
				D9EF38992F1AA24A00672131 /* OneSignalNotificationServiceExtension.appex in Embed Foundation Extensions */,
			);
			name = "Embed Foundation Extensions";
			runOnlyForDeploymentPostprocessing = 0;
		};
/* End PBXCopyFilesBuildPhase section */

/* Begin PBXFileReference section */
		D921F0692F49080000587F53 /* app-ads.txt */ = {isa = PBXFileReference; lastKnownFileType = text; path = "app-ads.txt"; sourceTree = "<group>"; };
		D92EA4482ED3771C00B61312 /* GoogleService-Info.plist */ = {isa = PBXFileReference; lastKnownFileType = text.plist.xml; path = "GoogleService-Info.plist"; sourceTree = "<group>"; };
		D9ACBE812ED0FB3E001D8142 /* Kashat.app */ = {isa = PBXFileReference; explicitFileType = wrapper.application; includeInIndex = 0; path = Kashat.app; sourceTree = BUILT_PRODUCTS_DIR; };
		D9EF38922F1AA24A00672131 /* OneSignalNotificationServiceExtension.appex */ = {isa = PBXFileReference; explicitFileType = "wrapper.app-extension"; includeInIndex = 0; path = OneSignalNotificationServiceExtension.appex; sourceTree = BUILT_PRODUCTS_DIR; };
/* End PBXFileReference section */

/* Begin PBXFileSystemSynchronizedBuildFileExceptionSet section */
		D92EA44B2ED3786000B61312 /* Exceptions for "Kashat" folder in "Kashat" target */ = {
			isa = PBXFileSystemSynchronizedBuildFileExceptionSet;
			membershipExceptions = (
				Info.plist,
			);
			target = D9ACBE802ED0FB3E001D8142 /* Kashat */;
		};
		D9EF389D2F1AA24A00672131 /* Exceptions for "OneSignalNotificationServiceExtension" folder in "OneSignalNotificationServiceExtension" target */ = {
			isa = PBXFileSystemSynchronizedBuildFileExceptionSet;
			membershipExceptions = (
				Info.plist,
			);
			target = D9EF38912F1AA24A00672131 /* OneSignalNotificationServiceExtension */;
		};
/* End PBXFileSystemSynchronizedBuildFileExceptionSet section */

/* Begin PBXFileSystemSynchronizedRootGroup section */
		D9ACBE832ED0FB3E001D8142 /* Kashat */ = {
			isa = PBXFileSystemSynchronizedRootGroup;
			exceptions = (
				D92EA44B2ED3786000B61312 /* Exceptions for "Kashat" folder in "Kashat" target */,
			);
			path = Kashat;
			sourceTree = "<group>";
		};
		D9EF38932F1AA24A00672131 /* OneSignalNotificationServiceExtension */ = {
			isa = PBXFileSystemSynchronizedRootGroup;
			exceptions = (
				D9EF389D2F1AA24A00672131 /* Exceptions for "OneSignalNotificationServiceExtension" folder in "OneSignalNotificationServiceExtension" target */,
			);
			path = OneSignalNotificationServiceExtension;
			sourceTree = "<group>";
		};
/* End PBXFileSystemSynchronizedRootGroup section */

/* Begin PBXFrameworksBuildPhase section */
		D9ACBE7E2ED0FB3E001D8142 /* Frameworks */ = {
			isa = PBXFrameworksBuildPhase;
			buildActionMask = 2147483647;
			files = (
				D96728C62EFADEAB00759F95 /* GoogleSignInSwift in Frameworks */,
				D92EA4232ED36E9800B61312 /* FirebaseAILogic in Frameworks */,
				D92EA42B2ED36E9800B61312 /* FirebaseAuth in Frameworks */,
				D92EA43D2ED36E9800B61312 /* FirebasePerformance in Frameworks */,
				D92EA43B2ED36E9800B61312 /* FirebaseMessaging in Frameworks */,
				D92EA4392ED36E9800B61312 /* FirebaseInstallations in Frameworks */,
				D92EA4212ED36E9800B61312 /* FirebaseAI in Frameworks */,
				D92EA4332ED36E9800B61312 /* FirebaseFirestore in Frameworks */,
				D92EA43F2ED36E9800B61312 /* FirebaseRemoteConfig in Frameworks */,
				D92EA4252ED36E9800B61312 /* FirebaseAnalytics in Frameworks */,
				D92EA42D2ED36E9800B61312 /* FirebaseCore in Frameworks */,
				D9F707F02F2E4F9B00BAC086 /* SuperwallKit in Frameworks */,
				D92EA42F2ED36E9800B61312 /* FirebaseCrashlytics in Frameworks */,
				D9EF388B2F1AA18300672131 /* OneSignalInAppMessages in Frameworks */,
				D92EA4312ED36E9800B61312 /* FirebaseDatabase in Frameworks */,
				D92EA4412ED36E9800B61312 /* FirebaseStorage in Frameworks */,
				D92EA4292ED36E9800B61312 /* FirebaseAppCheck in Frameworks */,
				D921F06F2F49094100587F53 /* GoogleMobileAds in Frameworks */,
				D9EF38872F1AA18300672131 /* OneSignalExtension in Frameworks */,
				D9EF388D2F1AA18300672131 /* OneSignalLocation in Frameworks */,
				D9EF38892F1AA18300672131 /* OneSignalFramework in Frameworks */,
				D92EA4352ED36E9800B61312 /* FirebaseFunctions in Frameworks */,
				D92EA4272ED36E9800B61312 /* FirebaseAnalyticsCore in Frameworks */,
				D92EA4372ED36E9800B61312 /* FirebaseInAppMessaging-Beta in Frameworks */,
				D96728C42EFADEAB00759F95 /* GoogleSignIn in Frameworks */,
			);
			runOnlyForDeploymentPostprocessing = 0;
		};
		D9EF388F2F1AA24A00672131 /* Frameworks */ = {
			isa = PBXFrameworksBuildPhase;
			buildActionMask = 2147483647;
			files = (
			);
			runOnlyForDeploymentPostprocessing = 0;
		};
/* End PBXFrameworksBuildPhase section */

/* Begin PBXGroup section */
		D9ACBE782ED0FB3E001D8142 = {
			isa = PBXGroup;
			children = (
				D921F0692F49080000587F53 /* app-ads.txt */,
				D92EA4482ED3771C00B61312 /* GoogleService-Info.plist */,
				D9ACBE832ED0FB3E001D8142 /* Kashat */,
				D9EF38932F1AA24A00672131 /* OneSignalNotificationServiceExtension */,
				D9ACBE822ED0FB3E001D8142 /* Products */,
			);
			sourceTree = "<group>";
		};
		D9ACBE822ED0FB3E001D8142 /* Products */ = {
			isa = PBXGroup;
			children = (
				D9ACBE812ED0FB3E001D8142 /* Kashat.app */,
				D9EF38922F1AA24A00672131 /* OneSignalNotificationServiceExtension.appex */,
			);
			name = Products;
			sourceTree = "<group>";
		};
/* End PBXGroup section */

/* Begin PBXNativeTarget section */
		D9ACBE802ED0FB3E001D8142 /* Kashat */ = {
			isa = PBXNativeTarget;
			buildConfigurationList = D9ACBE8C2ED0FB3F001D8142 /* Build configuration list for PBXNativeTarget "Kashat" */;
			buildPhases = (
				D9ACBE7D2ED0FB3E001D8142 /* Sources */,
				D9ACBE7E2ED0FB3E001D8142 /* Frameworks */,
				D9ACBE7F2ED0FB3E001D8142 /* Resources */,
				D9EF389E2F1AA24A00672131 /* Embed Foundation Extensions */,
			);
			buildRules = (
			);
			dependencies = (
				D9EF38982F1AA24A00672131 /* PBXTargetDependency */,
			);
			fileSystemSynchronizedGroups = (
				D9ACBE832ED0FB3E001D8142 /* Kashat */,
			);
			name = Kashat;
			packageProductDependencies = (
				D92EA4202ED36E9800B61312 /* FirebaseAI */,
				D92EA4222ED36E9800B61312 /* FirebaseAILogic */,
				D92EA4242ED36E9800B61312 /* FirebaseAnalytics */,
				D92EA4262ED36E9800B61312 /* FirebaseAnalyticsCore */,
				D92EA4282ED36E9800B61312 /* FirebaseAppCheck */,
				D92EA42A2ED36E9800B61312 /* FirebaseAuth */,
				D92EA42C2ED36E9800B61312 /* FirebaseCore */,
				D92EA42E2ED36E9800B61312 /* FirebaseCrashlytics */,
				D92EA4302ED36E9800B61312 /* FirebaseDatabase */,
				D92EA4322ED36E9800B61312 /* FirebaseFirestore */,
				D92EA4342ED36E9800B61312 /* FirebaseFunctions */,
				D92EA4362ED36E9800B61312 /* FirebaseInAppMessaging-Beta */,
				D92EA4382ED36E9800B61312 /* FirebaseInstallations */,
				D92EA43A2ED36E9800B61312 /* FirebaseMessaging */,
				D92EA43C2ED36E9800B61312 /* FirebasePerformance */,
				D92EA43E2ED36E9800B61312 /* FirebaseRemoteConfig */,
				D92EA4402ED36E9800B61312 /* FirebaseStorage */,
				D96728C32EFADEAB00759F95 /* GoogleSignIn */,
				D96728C52EFADEAB00759F95 /* GoogleSignInSwift */,
				D9EF38862F1AA18300672131 /* OneSignalExtension */,
				D9EF38882F1AA18300672131 /* OneSignalFramework */,
				D9EF388A2F1AA18300672131 /* OneSignalInAppMessages */,
				D9EF388C2F1AA18300672131 /* OneSignalLocation */,
				D9F707EF2F2E4F9B00BAC086 /* SuperwallKit */,
				D921F06E2F49094100587F53 /* GoogleMobileAds */,
			);
			productName = Kashat;
			productReference = D9ACBE812ED0FB3E001D8142 /* Kashat.app */;
			productType = "com.apple.product-type.application";
		};
		D9EF38912F1AA24A00672131 /* OneSignalNotificationServiceExtension */ = {
			isa = PBXNativeTarget;
			buildConfigurationList = D9EF389A2F1AA24A00672131 /* Build configuration list for PBXNativeTarget "OneSignalNotificationServiceExtension" */;
			buildPhases = (
				D9EF388E2F1AA24A00672131 /* Sources */,
				D9EF388F2F1AA24A00672131 /* Frameworks */,
				D9EF38902F1AA24A00672131 /* Resources */,
			);
			buildRules = (
			);
			dependencies = (
			);
			fileSystemSynchronizedGroups = (
				D9EF38932F1AA24A00672131 /* OneSignalNotificationServiceExtension */,
			);
			name = OneSignalNotificationServiceExtension;
			packageProductDependencies = (
			);
			productName = OneSignalNotificationServiceExtension;
			productReference = D9EF38922F1AA24A00672131 /* OneSignalNotificationServiceExtension.appex */;
			productType = "com.apple.product-type.app-extension";
		};
/* End PBXNativeTarget section */

/* Begin PBXProject section */
		D9ACBE792ED0FB3E001D8142 /* Project object */ = {
			isa = PBXProject;
			attributes = {
				BuildIndependentTargetsInParallel = 1;
				LastSwiftUpdateCheck = 2620;
				LastUpgradeCheck = 2620;
				TargetAttributes = {
					D9ACBE802ED0FB3E001D8142 = {
						CreatedOnToolsVersion = 26.1.1;
					};
					D9EF38912F1AA24A00672131 = {
						CreatedOnToolsVersion = 26.2;
					};
				};
			};
			buildConfigurationList = D9ACBE7C2ED0FB3E001D8142 /* Build configuration list for PBXProject "Kashat" */;
			developmentRegion = ar;
			hasScannedForEncodings = 0;
			knownRegions = (
				en,
				Base,
				ar,
			);
			mainGroup = D9ACBE782ED0FB3E001D8142;
			minimizedProjectReferenceProxies = 1;
			packageReferences = (
				D92EA41F2ED36E9800B61312 /* XCRemoteSwiftPackageReference "firebase-ios-sdk" */,
				D96728C22EFADEAB00759F95 /* XCRemoteSwiftPackageReference "GoogleSignIn-iOS" */,
				D9EF38852F1AA18300672131 /* XCRemoteSwiftPackageReference "OneSignal-iOS-SDK" */,
				D9F707EE2F2E4F9B00BAC086 /* XCRemoteSwiftPackageReference "Superwall-iOS" */,
				D921F06D2F49094100587F53 /* XCRemoteSwiftPackageReference "swift-package-manager-google-mobile-ads" */,
			);
			preferredProjectObjectVersion = 77;
			productRefGroup = D9ACBE822ED0FB3E001D8142 /* Products */;
			projectDirPath = "";
			projectRoot = "";
			targets = (
				D9ACBE802ED0FB3E001D8142 /* Kashat */,
				D9EF38912F1AA24A00672131 /* OneSignalNotificationServiceExtension */,
			);
		};
/* End PBXProject section */

/* Begin PBXResourcesBuildPhase section */
		D9ACBE7F2ED0FB3E001D8142 /* Resources */ = {
			isa = PBXResourcesBuildPhase;
			buildActionMask = 2147483647;
			files = (
				D92EA4492ED3771C00B61312 /* GoogleService-Info.plist in Resources */,
				D921F06A2F49080A00587F53 /* app-ads.txt in Resources */,
			);
			runOnlyForDeploymentPostprocessing = 0;
		};
		D9EF38902F1AA24A00672131 /* Resources */ = {
			isa = PBXResourcesBuildPhase;
			buildActionMask = 2147483647;
			files = (
			);
			runOnlyForDeploymentPostprocessing = 0;
		};
/* End PBXResourcesBuildPhase section */

/* Begin PBXSourcesBuildPhase section */
		D9ACBE7D2ED0FB3E001D8142 /* Sources */ = {
			isa = PBXSourcesBuildPhase;
			buildActionMask = 2147483647;
			files = (
			);
			runOnlyForDeploymentPostprocessing = 0;
		};
		D9EF388E2F1AA24A00672131 /* Sources */ = {
			isa = PBXSourcesBuildPhase;
			buildActionMask = 2147483647;
			files = (
			);
			runOnlyForDeploymentPostprocessing = 0;
		};
/* End PBXSourcesBuildPhase section */

/* Begin PBXTargetDependency section */
		D9EF38982F1AA24A00672131 /* PBXTargetDependency */ = {
			isa = PBXTargetDependency;
			target = D9EF38912F1AA24A00672131 /* OneSignalNotificationServiceExtension */;
			targetProxy = D9EF38972F1AA24A00672131 /* PBXContainerItemProxy */;
		};
/* End PBXTargetDependency section */

/* Begin XCBuildConfiguration section */
		D9ACBE8A2ED0FB3F001D8142 /* Debug */ = {
			isa = XCBuildConfiguration;
			buildSettings = {
				ALWAYS_SEARCH_USER_PATHS = NO;
				ASSETCATALOG_COMPILER_GENERATE_SWIFT_ASSET_SYMBOL_EXTENSIONS = YES;
				CLANG_ANALYZER_NONNULL = YES;
				CLANG_ANALYZER_NUMBER_OBJECT_CONVERSION = YES_AGGRESSIVE;
				CLANG_CXX_LANGUAGE_STANDARD = "gnu++20";
				CLANG_ENABLE_MODULES = YES;
				CLANG_ENABLE_OBJC_ARC = YES;
				CLANG_ENABLE_OBJC_WEAK = YES;
				CLANG_WARN_BLOCK_CAPTURE_AUTORELEASING = YES;
				CLANG_WARN_BOOL_CONVERSION = YES;
				CLANG_WARN_COMMA = YES;
				CLANG_WARN_CONSTANT_CONVERSION = YES;
				CLANG_WARN_DEPRECATED_OBJC_IMPLEMENTATIONS = YES;
				CLANG_WARN_DIRECT_OBJC_ISA_USAGE = YES_ERROR;
				CLANG_WARN_DOCUMENTATION_COMMENTS = YES;
				CLANG_WARN_EMPTY_BODY = YES;
				CLANG_WARN_ENUM_CONVERSION = YES;
				CLANG_WARN_INFINITE_RECURSION = YES;
				CLANG_WARN_INT_CONVERSION = YES;
				CLANG_WARN_NON_LITERAL_NULL_CONVERSION = YES;
				CLANG_WARN_OBJC_IMPLICIT_RETAIN_SELF = YES;
				CLANG_WARN_OBJC_LITERAL_CONVERSION = YES;
				CLANG_WARN_OBJC_ROOT_CLASS = YES_ERROR;
				CLANG_WARN_QUOTED_INCLUDE_IN_FRAMEWORK_HEADER = YES;
				CLANG_WARN_RANGE_LOOP_ANALYSIS = YES;
				CLANG_WARN_STRICT_PROTOTYPES = YES;
				CLANG_WARN_SUSPICIOUS_MOVE = YES;
				CLANG_WARN_UNGUARDED_AVAILABILITY = YES_AGGRESSIVE;
				CLANG_WARN_UNREACHABLE_CODE = YES;
				CLANG_WARN__DUPLICATE_METHOD_MATCH = YES;
				COPY_PHASE_STRIP = NO;
				DEAD_CODE_STRIPPING = YES;
				DEBUG_INFORMATION_FORMAT = dwarf;
				DEVELOPMENT_TEAM = RGSEF8E3RM;
				ENABLE_STRICT_OBJC_MSGSEND = YES;
				ENABLE_TESTABILITY = YES;
				ENABLE_USER_SCRIPT_SANDBOXING = YES;
				GCC_C_LANGUAGE_STANDARD = gnu17;
				GCC_DYNAMIC_NO_PIC = NO;
				GCC_NO_COMMON_BLOCKS = YES;
				GCC_OPTIMIZATION_LEVEL = 0;
				GCC_PREPROCESSOR_DEFINITIONS = (
					"DEBUG=1",
					"$(inherited)",
				);
				GCC_WARN_64_TO_32_BIT_CONVERSION = YES;
				GCC_WARN_ABOUT_RETURN_TYPE = YES_ERROR;
				GCC_WARN_UNDECLARED_SELECTOR = YES;
				GCC_WARN_UNINITIALIZED_AUTOS = YES_AGGRESSIVE;
				GCC_WARN_UNUSED_FUNCTION = YES;
				GCC_WARN_UNUSED_VARIABLE = YES;
				LOCALIZATION_PREFERS_STRING_CATALOGS = YES;
				MTL_ENABLE_DEBUG_INFO = INCLUDE_SOURCE;
				MTL_FAST_MATH = YES;
				ONLY_ACTIVE_ARCH = YES;
				STRING_CATALOG_GENERATE_SYMBOLS = YES;
				SWIFT_ACTIVE_COMPILATION_CONDITIONS = "DEBUG $(inherited)";
				SWIFT_OPTIMIZATION_LEVEL = "-Onone";
			};
			name = Debug;
		};
		D9ACBE8B2ED0FB3F001D8142 /* Release */ = {
			isa = XCBuildConfiguration;
			buildSettings = {
				ALWAYS_SEARCH_USER_PATHS = NO;
				ASSETCATALOG_COMPILER_GENERATE_SWIFT_ASSET_SYMBOL_EXTENSIONS = YES;
				CLANG_ANALYZER_NONNULL = YES;
				CLANG_ANALYZER_NUMBER_OBJECT_CONVERSION = YES_AGGRESSIVE;
				CLANG_CXX_LANGUAGE_STANDARD = "gnu++20";
				CLANG_ENABLE_MODULES = YES;
				CLANG_ENABLE_OBJC_ARC = YES;
				CLANG_ENABLE_OBJC_WEAK = YES;
				CLANG_WARN_BLOCK_CAPTURE_AUTORELEASING = YES;
				CLANG_WARN_BOOL_CONVERSION = YES;
				CLANG_WARN_COMMA = YES;
				CLANG_WARN_CONSTANT_CONVERSION = YES;
				CLANG_WARN_DEPRECATED_OBJC_IMPLEMENTATIONS = YES;
				CLANG_WARN_DIRECT_OBJC_ISA_USAGE = YES_ERROR;
				CLANG_WARN_DOCUMENTATION_COMMENTS = YES;
				CLANG_WARN_EMPTY_BODY = YES;
				CLANG_WARN_ENUM_CONVERSION = YES;
				CLANG_WARN_INFINITE_RECURSION = YES;
				CLANG_WARN_INT_CONVERSION = YES;
				CLANG_WARN_NON_LITERAL_NULL_CONVERSION = YES;
				CLANG_WARN_OBJC_IMPLICIT_RETAIN_SELF = YES;
				CLANG_WARN_OBJC_LITERAL_CONVERSION = YES;
				CLANG_WARN_OBJC_ROOT_CLASS = YES_ERROR;
				CLANG_WARN_QUOTED_INCLUDE_IN_FRAMEWORK_HEADER = YES;
				CLANG_WARN_RANGE_LOOP_ANALYSIS = YES;
				CLANG_WARN_STRICT_PROTOTYPES = YES;
				CLANG_WARN_SUSPICIOUS_MOVE = YES;
				CLANG_WARN_UNGUARDED_AVAILABILITY = YES_AGGRESSIVE;
				CLANG_WARN_UNREACHABLE_CODE = YES;
				CLANG_WARN__DUPLICATE_METHOD_MATCH = YES;
				COPY_PHASE_STRIP = NO;
				DEAD_CODE_STRIPPING = YES;
				DEBUG_INFORMATION_FORMAT = "dwarf-with-dsym";
				DEVELOPMENT_TEAM = RGSEF8E3RM;
				ENABLE_NS_ASSERTIONS = NO;
				ENABLE_STRICT_OBJC_MSGSEND = YES;
				ENABLE_USER_SCRIPT_SANDBOXING = YES;
				GCC_C_LANGUAGE_STANDARD = gnu17;
				GCC_NO_COMMON_BLOCKS = YES;
				GCC_WARN_64_TO_32_BIT_CONVERSION = YES;
				GCC_WARN_ABOUT_RETURN_TYPE = YES_ERROR;
				GCC_WARN_UNDECLARED_SELECTOR = YES;
				GCC_WARN_UNINITIALIZED_AUTOS = YES_AGGRESSIVE;
				GCC_WARN_UNUSED_FUNCTION = YES;
				GCC_WARN_UNUSED_VARIABLE = YES;
				LOCALIZATION_PREFERS_STRING_CATALOGS = YES;
				MTL_ENABLE_DEBUG_INFO = NO;
				MTL_FAST_MATH = YES;
				STRING_CATALOG_GENERATE_SYMBOLS = YES;
				SWIFT_COMPILATION_MODE = wholemodule;
			};
			name = Release;
		};
		D9ACBE8D2ED0FB3F001D8142 /* Debug */ = {
			isa = XCBuildConfiguration;
			buildSettings = {
				ASSETCATALOG_COMPILER_APPICON_NAME = KashtaAppIcon;
				ASSETCATALOG_COMPILER_GLOBAL_ACCENT_COLOR_NAME = AccentColor;
				CODE_SIGN_ENTITLEMENTS = Kashat/Kashat.entitlements;
				CODE_SIGN_STYLE = Automatic;
				CURRENT_PROJECT_VERSION = 1;
				DEAD_CODE_STRIPPING = YES;
				DEVELOPMENT_TEAM = RGSEF8E3RM;
				ENABLE_APP_SANDBOX = YES;
				ENABLE_HARDENED_RUNTIME = YES;
				ENABLE_INCOMING_NETWORK_CONNECTIONS = NO;
				ENABLE_OUTGOING_NETWORK_CONNECTIONS = YES;
				ENABLE_PREVIEWS = YES;
				ENABLE_RESOURCE_ACCESS_AUDIO_INPUT = NO;
				ENABLE_RESOURCE_ACCESS_BLUETOOTH = NO;
				ENABLE_RESOURCE_ACCESS_CALENDARS = NO;
				ENABLE_RESOURCE_ACCESS_CAMERA = NO;
				ENABLE_RESOURCE_ACCESS_CONTACTS = NO;
				ENABLE_RESOURCE_ACCESS_LOCATION = NO;
				ENABLE_RESOURCE_ACCESS_PRINTING = NO;
				ENABLE_RESOURCE_ACCESS_USB = NO;
				ENABLE_USER_SELECTED_FILES = readonly;
				GENERATE_INFOPLIST_FILE = YES;
				INFOPLIST_FILE = Kashat/Info.plist;
				INFOPLIST_KEY_CFBundleDisplayName = "Kashat | كشتات";
				INFOPLIST_KEY_LSApplicationCategoryType = "public.app-category.lifestyle";
				INFOPLIST_KEY_NSCameraUsageDescription = "Kashat needs camera access to display the AR Qibla compass.";
				INFOPLIST_KEY_NSFaceIDUsageDescription = "نحتاج الوصول لـ FaceID لتأمين التطبيق.";
				INFOPLIST_KEY_NSLocationAlwaysAndWhenInUseUsageDescription = "نحتاج الوصول لموقعك لتحديد اتجاه القبلة بدقة.";
				INFOPLIST_KEY_NSLocationWhenInUseUsageDescription = "نحتاج الوصول لموقعك لتحديد اتجاه القبلة بدقة.";
				"INFOPLIST_KEY_UIApplicationSceneManifest_Generation[sdk=iphoneos*]" = YES;
				"INFOPLIST_KEY_UIApplicationSceneManifest_Generation[sdk=iphonesimulator*]" = YES;
				"INFOPLIST_KEY_UIApplicationSupportsIndirectInputEvents[sdk=iphoneos*]" = YES;
				"INFOPLIST_KEY_UIApplicationSupportsIndirectInputEvents[sdk=iphonesimulator*]" = YES;
				"INFOPLIST_KEY_UILaunchScreen_Generation[sdk=iphoneos*]" = YES;
				"INFOPLIST_KEY_UILaunchScreen_Generation[sdk=iphonesimulator*]" = YES;
				"INFOPLIST_KEY_UIStatusBarStyle[sdk=iphoneos*]" = UIStatusBarStyleDefault;
				"INFOPLIST_KEY_UIStatusBarStyle[sdk=iphonesimulator*]" = UIStatusBarStyleDefault;
				INFOPLIST_KEY_UISupportedInterfaceOrientations_iPad = "UIInterfaceOrientationPortrait UIInterfaceOrientationPortraitUpsideDown UIInterfaceOrientationLandscapeLeft UIInterfaceOrientationLandscapeRight";
				INFOPLIST_KEY_UISupportedInterfaceOrientations_iPhone = "UIInterfaceOrientationPortrait UIInterfaceOrientationLandscapeLeft UIInterfaceOrientationLandscapeRight";
				IPHONEOS_DEPLOYMENT_TARGET = 18.0;
				LD_RUNPATH_SEARCH_PATHS = "@executable_path/Frameworks";
				"LD_RUNPATH_SEARCH_PATHS[sdk=macosx*]" = "@executable_path/../Frameworks";
				MACOSX_DEPLOYMENT_TARGET = 15.0;
				MARKETING_VERSION = 1.0.3;
				PRODUCT_BUNDLE_IDENTIFIER = com.yatechno.Kashat;
				PRODUCT_NAME = "$(TARGET_NAME)";
				REGISTER_APP_GROUPS = YES;
				SDKROOT = auto;
				STRING_CATALOG_GENERATE_SYMBOLS = YES;
				SUPPORTED_PLATFORMS = "iphoneos iphonesimulator macosx xros xrsimulator";
				SWIFT_APPROACHABLE_CONCURRENCY = YES;
				SWIFT_DEFAULT_ACTOR_ISOLATION = MainActor;
				SWIFT_EMIT_LOC_STRINGS = YES;
				SWIFT_UPCOMING_FEATURE_MEMBER_IMPORT_VISIBILITY = YES;
				SWIFT_VERSION = 5.0;
				TARGETED_DEVICE_FAMILY = "1,2,7";
				XROS_DEPLOYMENT_TARGET = 2.0;
			};
			name = Debug;
		};
		D9ACBE8E2ED0FB3F001D8142 /* Release */ = {
			isa = XCBuildConfiguration;
			buildSettings = {
				ASSETCATALOG_COMPILER_APPICON_NAME = KashtaAppIcon;
				ASSETCATALOG_COMPILER_GLOBAL_ACCENT_COLOR_NAME = AccentColor;
				CODE_SIGN_ENTITLEMENTS = Kashat/Kashat.entitlements;
				CODE_SIGN_STYLE = Automatic;
				CURRENT_PROJECT_VERSION = 1;
				DEAD_CODE_STRIPPING = YES;
				DEVELOPMENT_TEAM = RGSEF8E3RM;
				ENABLE_APP_SANDBOX = YES;
				ENABLE_HARDENED_RUNTIME = YES;
				ENABLE_INCOMING_NETWORK_CONNECTIONS = NO;
				ENABLE_OUTGOING_NETWORK_CONNECTIONS = YES;
				ENABLE_PREVIEWS = YES;
				ENABLE_RESOURCE_ACCESS_AUDIO_INPUT = NO;
				ENABLE_RESOURCE_ACCESS_BLUETOOTH = NO;
				ENABLE_RESOURCE_ACCESS_CALENDARS = NO;
				ENABLE_RESOURCE_ACCESS_CAMERA = NO;
				ENABLE_RESOURCE_ACCESS_CONTACTS = NO;
				ENABLE_RESOURCE_ACCESS_LOCATION = NO;
				ENABLE_RESOURCE_ACCESS_PRINTING = NO;
				ENABLE_RESOURCE_ACCESS_USB = NO;
				ENABLE_USER_SELECTED_FILES = readonly;
				GENERATE_INFOPLIST_FILE = YES;
				INFOPLIST_FILE = Kashat/Info.plist;
				INFOPLIST_KEY_CFBundleDisplayName = "Kashat | كشتات";
				INFOPLIST_KEY_LSApplicationCategoryType = "public.app-category.lifestyle";
				INFOPLIST_KEY_NSCameraUsageDescription = "Kashat needs camera access to display the AR Qibla compass.";
				INFOPLIST_KEY_NSFaceIDUsageDescription = "نحتاج الوصول لـ FaceID لتأمين التطبيق.";
				INFOPLIST_KEY_NSLocationAlwaysAndWhenInUseUsageDescription = "نحتاج الوصول لموقعك لتحديد اتجاه القبلة بدقة.";
				INFOPLIST_KEY_NSLocationWhenInUseUsageDescription = "نحتاج الوصول لموقعك لتحديد اتجاه القبلة بدقة.";
				"INFOPLIST_KEY_UIApplicationSceneManifest_Generation[sdk=iphoneos*]" = YES;
				"INFOPLIST_KEY_UIApplicationSceneManifest_Generation[sdk=iphonesimulator*]" = YES;
				"INFOPLIST_KEY_UIApplicationSupportsIndirectInputEvents[sdk=iphoneos*]" = YES;
				"INFOPLIST_KEY_UIApplicationSupportsIndirectInputEvents[sdk=iphonesimulator*]" = YES;
				"INFOPLIST_KEY_UILaunchScreen_Generation[sdk=iphoneos*]" = YES;
				"INFOPLIST_KEY_UILaunchScreen_Generation[sdk=iphonesimulator*]" = YES;
				"INFOPLIST_KEY_UIStatusBarStyle[sdk=iphoneos*]" = UIStatusBarStyleDefault;
				"INFOPLIST_KEY_UIStatusBarStyle[sdk=iphonesimulator*]" = UIStatusBarStyleDefault;
				INFOPLIST_KEY_UISupportedInterfaceOrientations_iPad = "UIInterfaceOrientationPortrait UIInterfaceOrientationPortraitUpsideDown UIInterfaceOrientationLandscapeLeft UIInterfaceOrientationLandscapeRight";
				INFOPLIST_KEY_UISupportedInterfaceOrientations_iPhone = "UIInterfaceOrientationPortrait UIInterfaceOrientationLandscapeLeft UIInterfaceOrientationLandscapeRight";
				IPHONEOS_DEPLOYMENT_TARGET = 18.0;
				LD_RUNPATH_SEARCH_PATHS = "@executable_path/Frameworks";
				"LD_RUNPATH_SEARCH_PATHS[sdk=macosx*]" = "@executable_path/../Frameworks";
				MACOSX_DEPLOYMENT_TARGET = 15.0;
				MARKETING_VERSION = 1.0.3;
				PRODUCT_BUNDLE_IDENTIFIER = com.yatechno.Kashat;
				PRODUCT_NAME = "$(TARGET_NAME)";
				REGISTER_APP_GROUPS = YES;
				SDKROOT = auto;
				STRING_CATALOG_GENERATE_SYMBOLS = YES;
				SUPPORTED_PLATFORMS = "iphoneos iphonesimulator macosx xros xrsimulator";
				SWIFT_APPROACHABLE_CONCURRENCY = YES;
				SWIFT_DEFAULT_ACTOR_ISOLATION = MainActor;
				SWIFT_EMIT_LOC_STRINGS = YES;
				SWIFT_UPCOMING_FEATURE_MEMBER_IMPORT_VISIBILITY = YES;
				SWIFT_VERSION = 5.0;
				TARGETED_DEVICE_FAMILY = "1,2,7";
				XROS_DEPLOYMENT_TARGET = 2.0;
			};
			name = Release;
		};
		D9EF389B2F1AA24A00672131 /* Debug */ = {
			isa = XCBuildConfiguration;
			buildSettings = {
				CODE_SIGN_ENTITLEMENTS = OneSignalNotificationServiceExtension/OneSignalNotificationServiceExtension.entitlements;
				CODE_SIGN_STYLE = Automatic;
				CURRENT_PROJECT_VERSION = 1;
				DEVELOPMENT_TEAM = RGSEF8E3RM;
				GENERATE_INFOPLIST_FILE = YES;
				INFOPLIST_FILE = OneSignalNotificationServiceExtension/Info.plist;
				INFOPLIST_KEY_CFBundleDisplayName = OneSignalNotificationServiceExtension;
				INFOPLIST_KEY_NSHumanReadableCopyright = "";
				IPHONEOS_DEPLOYMENT_TARGET = 26.2;
				LD_RUNPATH_SEARCH_PATHS = (
					"$(inherited)",
					"@executable_path/Frameworks",
					"@executable_path/../../Frameworks",
				);
				MARKETING_VERSION = 1.0.3;
				PRODUCT_BUNDLE_IDENTIFIER = com.yatechno.Kashat.OneSignalNotificationServiceExtension;
				PRODUCT_NAME = "$(TARGET_NAME)";
				SDKROOT = iphoneos;
				SKIP_INSTALL = YES;
				STRING_CATALOG_GENERATE_SYMBOLS = YES;
				SWIFT_APPROACHABLE_CONCURRENCY = YES;
				SWIFT_EMIT_LOC_STRINGS = YES;
				SWIFT_UPCOMING_FEATURE_MEMBER_IMPORT_VISIBILITY = YES;
				SWIFT_VERSION = 5.0;
				TARGETED_DEVICE_FAMILY = "1,2";
			};
			name = Debug;
		};
		D9EF389C2F1AA24A00672131 /* Release */ = {
			isa = XCBuildConfiguration;
			buildSettings = {
				CODE_SIGN_ENTITLEMENTS = OneSignalNotificationServiceExtension/OneSignalNotificationServiceExtension.entitlements;
				CODE_SIGN_STYLE = Automatic;
				CURRENT_PROJECT_VERSION = 1;
				DEVELOPMENT_TEAM = RGSEF8E3RM;
				GENERATE_INFOPLIST_FILE = YES;
				INFOPLIST_FILE = OneSignalNotificationServiceExtension/Info.plist;
				INFOPLIST_KEY_CFBundleDisplayName = OneSignalNotificationServiceExtension;
				INFOPLIST_KEY_NSHumanReadableCopyright = "";
				IPHONEOS_DEPLOYMENT_TARGET = 26.2;
				LD_RUNPATH_SEARCH_PATHS = (
					"$(inherited)",
					"@executable_path/Frameworks",
					"@executable_path/../../Frameworks",
				);
				MARKETING_VERSION = 1.0.3;
				PRODUCT_BUNDLE_IDENTIFIER = com.yatechno.Kashat.OneSignalNotificationServiceExtension;
				PRODUCT_NAME = "$(TARGET_NAME)";
				SDKROOT = iphoneos;
				SKIP_INSTALL = YES;
				STRING_CATALOG_GENERATE_SYMBOLS = YES;
				SWIFT_APPROACHABLE_CONCURRENCY = YES;
				SWIFT_EMIT_LOC_STRINGS = YES;
				SWIFT_UPCOMING_FEATURE_MEMBER_IMPORT_VISIBILITY = YES;
				SWIFT_VERSION = 5.0;
				TARGETED_DEVICE_FAMILY = "1,2";
				VALIDATE_PRODUCT = YES;
			};
			name = Release;
		};
/* End XCBuildConfiguration section */

/* Begin XCConfigurationList section */
		D9ACBE7C2ED0FB3E001D8142 /* Build configuration list for PBXProject "Kashat" */ = {
			isa = XCConfigurationList;
			buildConfigurations = (
				D9ACBE8A2ED0FB3F001D8142 /* Debug */,
				D9ACBE8B2ED0FB3F001D8142 /* Release */,
			);
			defaultConfigurationIsVisible = 0;
			defaultConfigurationName = Release;
		};
		D9ACBE8C2ED0FB3F001D8142 /* Build configuration list for PBXNativeTarget "Kashat" */ = {
			isa = XCConfigurationList;
			buildConfigurations = (
				D9ACBE8D2ED0FB3F001D8142 /* Debug */,
				D9ACBE8E2ED0FB3F001D8142 /* Release */,
			);
			defaultConfigurationIsVisible = 0;
			defaultConfigurationName = Release;
		};
		D9EF389A2F1AA24A00672131 /* Build configuration list for PBXNativeTarget "OneSignalNotificationServiceExtension" */ = {
			isa = XCConfigurationList;
			buildConfigurations = (
				D9EF389B2F1AA24A00672131 /* Debug */,
				D9EF389C2F1AA24A00672131 /* Release */,
			);
			defaultConfigurationIsVisible = 0;
			defaultConfigurationName = Release;
		};
/* End XCConfigurationList section */

/* Begin XCRemoteSwiftPackageReference section */
		D921F06D2F49094100587F53 /* XCRemoteSwiftPackageReference "swift-package-manager-google-mobile-ads" */ = {
			isa = XCRemoteSwiftPackageReference;
			repositoryURL = "https://github.com/googleads/swift-package-manager-google-mobile-ads.git";
			requirement = {
				kind = upToNextMajorVersion;
				minimumVersion = 13.0.0;
			};
		};
		D92EA41F2ED36E9800B61312 /* XCRemoteSwiftPackageReference "firebase-ios-sdk" */ = {
			isa = XCRemoteSwiftPackageReference;
			repositoryURL = "https://github.com/firebase/firebase-ios-sdk";
			requirement = {
				kind = upToNextMajorVersion;
				minimumVersion = 12.6.0;
			};
		};
		D96728C22EFADEAB00759F95 /* XCRemoteSwiftPackageReference "GoogleSignIn-iOS" */ = {
			isa = XCRemoteSwiftPackageReference;
			repositoryURL = "https://github.com/google/GoogleSignIn-iOS";
			requirement = {
				kind = upToNextMajorVersion;
				minimumVersion = 9.0.0;
			};
		};
		D9EF38852F1AA18300672131 /* XCRemoteSwiftPackageReference "OneSignal-iOS-SDK" */ = {
			isa = XCRemoteSwiftPackageReference;
			repositoryURL = "https://github.com/OneSignal/OneSignal-iOS-SDK";
			requirement = {
				kind = upToNextMajorVersion;
				minimumVersion = 5.2.16;
			};
		};
		D9F707EE2F2E4F9B00BAC086 /* XCRemoteSwiftPackageReference "Superwall-iOS" */ = {
			isa = XCRemoteSwiftPackageReference;
			repositoryURL = "https://github.com/superwall-me/Superwall-iOS";
			requirement = {
				kind = upToNextMajorVersion;
				minimumVersion = 4.12.9;
			};
		};
/* End XCRemoteSwiftPackageReference section */

/* Begin XCSwiftPackageProductDependency section */
		D921F06E2F49094100587F53 /* GoogleMobileAds */ = {
			isa = XCSwiftPackageProductDependency;
			package = D921F06D2F49094100587F53 /* XCRemoteSwiftPackageReference "swift-package-manager-google-mobile-ads" */;
			productName = GoogleMobileAds;
		};
		D92EA4202ED36E9800B61312 /* FirebaseAI */ = {
			isa = XCSwiftPackageProductDependency;
			package = D92EA41F2ED36E9800B61312 /* XCRemoteSwiftPackageReference "firebase-ios-sdk" */;
			productName = FirebaseAI;
		};
		D92EA4222ED36E9800B61312 /* FirebaseAILogic */ = {
			isa = XCSwiftPackageProductDependency;
			package = D92EA41F2ED36E9800B61312 /* XCRemoteSwiftPackageReference "firebase-ios-sdk" */;
			productName = FirebaseAILogic;
		};
		D92EA4242ED36E9800B61312 /* FirebaseAnalytics */ = {
			isa = XCSwiftPackageProductDependency;
			package = D92EA41F2ED36E9800B61312 /* XCRemoteSwiftPackageReference "firebase-ios-sdk" */;
			productName = FirebaseAnalytics;
		};
		D92EA4262ED36E9800B61312 /* FirebaseAnalyticsCore */ = {
			isa = XCSwiftPackageProductDependency;
			package = D92EA41F2ED36E9800B61312 /* XCRemoteSwiftPackageReference "firebase-ios-sdk" */;
			productName = FirebaseAnalyticsCore;
		};
		D92EA4282ED36E9800B61312 /* FirebaseAppCheck */ = {
			isa = XCSwiftPackageProductDependency;
			package = D92EA41F2ED36E9800B61312 /* XCRemoteSwiftPackageReference "firebase-ios-sdk" */;
			productName = FirebaseAppCheck;
		};
		D92EA42A2ED36E9800B61312 /* FirebaseAuth */ = {
			isa = XCSwiftPackageProductDependency;
			package = D92EA41F2ED36E9800B61312 /* XCRemoteSwiftPackageReference "firebase-ios-sdk" */;
			productName = FirebaseAuth;
		};
		D92EA42C2ED36E9800B61312 /* FirebaseCore */ = {
			isa = XCSwiftPackageProductDependency;
			package = D92EA41F2ED36E9800B61312 /* XCRemoteSwiftPackageReference "firebase-ios-sdk" */;
			productName = FirebaseCore;
		};
		D92EA42E2ED36E9800B61312 /* FirebaseCrashlytics */ = {
			isa = XCSwiftPackageProductDependency;
			package = D92EA41F2ED36E9800B61312 /* XCRemoteSwiftPackageReference "firebase-ios-sdk" */;
			productName = FirebaseCrashlytics;
		};
		D92EA4302ED36E9800B61312 /* FirebaseDatabase */ = {
			isa = XCSwiftPackageProductDependency;
			package = D92EA41F2ED36E9800B61312 /* XCRemoteSwiftPackageReference "firebase-ios-sdk" */;
			productName = FirebaseDatabase;
		};
		D92EA4322ED36E9800B61312 /* FirebaseFirestore */ = {
			isa = XCSwiftPackageProductDependency;
			package = D92EA41F2ED36E9800B61312 /* XCRemoteSwiftPackageReference "firebase-ios-sdk" */;
			productName = FirebaseFirestore;
		};
		D92EA4342ED36E9800B61312 /* FirebaseFunctions */ = {
			isa = XCSwiftPackageProductDependency;
			package = D92EA41F2ED36E9800B61312 /* XCRemoteSwiftPackageReference "firebase-ios-sdk" */;
			productName = FirebaseFunctions;
		};
		D92EA4362ED36E9800B61312 /* FirebaseInAppMessaging-Beta */ = {
			isa = XCSwiftPackageProductDependency;
			package = D92EA41F2ED36E9800B61312 /* XCRemoteSwiftPackageReference "firebase-ios-sdk" */;
			productName = "FirebaseInAppMessaging-Beta";
		};
		D92EA4382ED36E9800B61312 /* FirebaseInstallations */ = {
			isa = XCSwiftPackageProductDependency;
			package = D92EA41F2ED36E9800B61312 /* XCRemoteSwiftPackageReference "firebase-ios-sdk" */;
			productName = FirebaseInstallations;
		};
		D92EA43A2ED36E9800B61312 /* FirebaseMessaging */ = {
			isa = XCSwiftPackageProductDependency;
			package = D92EA41F2ED36E9800B61312 /* XCRemoteSwiftPackageReference "firebase-ios-sdk" */;
			productName = FirebaseMessaging;
		};
		D92EA43C2ED36E9800B61312 /* FirebasePerformance */ = {
			isa = XCSwiftPackageProductDependency;
			package = D92EA41F2ED36E9800B61312 /* XCRemoteSwiftPackageReference "firebase-ios-sdk" */;
			productName = FirebasePerformance;
		};
		D92EA43E2ED36E9800B61312 /* FirebaseRemoteConfig */ = {
			isa = XCSwiftPackageProductDependency;
			package = D92EA41F2ED36E9800B61312 /* XCRemoteSwiftPackageReference "firebase-ios-sdk" */;
			productName = FirebaseRemoteConfig;
		};
		D92EA4402ED36E9800B61312 /* FirebaseStorage */ = {
			isa = XCSwiftPackageProductDependency;
			package = D92EA41F2ED36E9800B61312 /* XCRemoteSwiftPackageReference "firebase-ios-sdk" */;
			productName = FirebaseStorage;
		};
		D96728C32EFADEAB00759F95 /* GoogleSignIn */ = {
			isa = XCSwiftPackageProductDependency;
			package = D96728C22EFADEAB00759F95 /* XCRemoteSwiftPackageReference "GoogleSignIn-iOS" */;
			productName = GoogleSignIn;
		};
		D96728C52EFADEAB00759F95 /* GoogleSignInSwift */ = {
			isa = XCSwiftPackageProductDependency;
			package = D96728C22EFADEAB00759F95 /* XCRemoteSwiftPackageReference "GoogleSignIn-iOS" */;
			productName = GoogleSignInSwift;
		};
		D9EF38862F1AA18300672131 /* OneSignalExtension */ = {
			isa = XCSwiftPackageProductDependency;
			package = D9EF38852F1AA18300672131 /* XCRemoteSwiftPackageReference "OneSignal-iOS-SDK" */;
			productName = OneSignalExtension;
		};
		D9EF38882F1AA18300672131 /* OneSignalFramework */ = {
			isa = XCSwiftPackageProductDependency;
			package = D9EF38852F1AA18300672131 /* XCRemoteSwiftPackageReference "OneSignal-iOS-SDK" */;
			productName = OneSignalFramework;
		};
		D9EF388A2F1AA18300672131 /* OneSignalInAppMessages */ = {
			isa = XCSwiftPackageProductDependency;
			package = D9EF38852F1AA18300672131 /* XCRemoteSwiftPackageReference "OneSignal-iOS-SDK" */;
			productName = OneSignalInAppMessages;
		};
		D9EF388C2F1AA18300672131 /* OneSignalLocation */ = {
			isa = XCSwiftPackageProductDependency;
			package = D9EF38852F1AA18300672131 /* XCRemoteSwiftPackageReference "OneSignal-iOS-SDK" */;
			productName = OneSignalLocation;
		};
		D9F707EF2F2E4F9B00BAC086 /* SuperwallKit */ = {
			isa = XCSwiftPackageProductDependency;
			package = D9F707EE2F2E4F9B00BAC086 /* XCRemoteSwiftPackageReference "Superwall-iOS" */;
			productName = SuperwallKit;
		};
/* End XCSwiftPackageProductDependency section */
	};
	rootObject = D9ACBE792ED0FB3E001D8142 /* Project object */;
}
